
Microsoft Visual Studio Solution File, Format Version 12.00
# Visual Studio Version 17
VisualStudioVersion = 17.5.33627.172
MinimumVisualStudioVersion = 10.0.40219.1
Project("{FAE04EC0-301F-11D3-BF4B-00C04F79EFBC}") = "DomainEventsLessons", "DomainEventsLessons\DomainEventsLessons.csproj", "{03993860-4F58-4952-8868-3006E58BD2BB}"
EndProject
Global
	GlobalSection(SolutionConfigurationPlatforms) = preSolution
		Debug|Any CPU = Debug|Any CPU
		Release|Any CPU = Release|Any CPU
	EndGlobalSection
	GlobalSection(ProjectConfigurationPlatforms) = postSolution
		{03993860-4F58-4952-8868-3006E58BD2BB}.Debug|Any CPU.ActiveCfg = Debug|Any CPU
		{03993860-4F58-4952-8868-3006E58BD2BB}.Debug|Any CPU.Build.0 = Debug|Any CPU
		{03993860-4F58-4952-8868-3006E58BD2BB}.Release|Any CPU.ActiveCfg = Release|Any CPU
		{03993860-4F58-4952-8868-3006E58BD2BB}.Release|Any CPU.Build.0 = Release|Any CPU
	EndGlobalSection
	GlobalSection(SolutionProperties) = preSolution
		HideSolutionNode = FALSE
	EndGlobalSection
	GlobalSection(ExtensibilityGlobals) = postSolution
		SolutionGuid = {A1428810-A8DB-4BCC-9311-BE2C32B897FD}
	EndGlobalSection
EndGlobal
