
Microsoft Visual Studio Solution File, Format Version 12.00
# Visual Studio Version 17
VisualStudioVersion = 17.5.33627.172
MinimumVisualStudioVersion = 10.0.40219.1

Project("{FAE04EC0-301F-11D3-BF4B-00C04F79EFBC}") = "ColorsConsole", "ColorsConsole\ColorsConsole.csproj", "{4FCD16DE-2A89-4DCF-B7E0-C00D074B462E}"
EndProject
Global
	GlobalSection(SolutionConfigurationPlatforms) = preSolution
		Debug|Any CPU = Debug|Any CPU
		Release|Any CPU = Release|Any CPU
	EndGlobalSection
	GlobalSection(ProjectConfigurationPlatforms) = postSolution
		{881FFAF7-BE34-477E-879A-D8E98661FA15}.Debug|Any CPU.ActiveCfg = Debug|Any CPU
		{881FFAF7-BE34-477E-879A-D8E98661FA15}.Debug|Any CPU.Build.0 = Debug|Any CPU
		{881FFAF7-BE34-477E-879A-D8E98661FA15}.Release|Any CPU.ActiveCfg = Release|Any CPU
		{881FFAF7-BE34-477E-879A-D8E98661FA15}.Release|Any CPU.Build.0 = Release|Any CPU
		{4FCD16DE-2A89-4DCF-B7E0-C00D074B462E}.Debug|Any CPU.ActiveCfg = Debug|Any CPU
		{4FCD16DE-2A89-4DCF-B7E0-C00D074B462E}.Debug|Any CPU.Build.0 = Debug|Any CPU
		{4FCD16DE-2A89-4DCF-B7E0-C00D074B462E}.Release|Any CPU.ActiveCfg = Release|Any CPU
		{4FCD16DE-2A89-4DCF-B7E0-C00D074B462E}.Release|Any CPU.Build.0 = Release|Any CPU
	EndGlobalSection
	GlobalSection(SolutionProperties) = preSolution
		HideSolutionNode = FALSE
	EndGlobalSection
	GlobalSection(ExtensibilityGlobals) = postSolution
		SolutionGuid = {069A7827-277C-4119-B205-B022DC56AC53}
	EndGlobalSection
EndGlobal
