
Microsoft Visual Studio Solution File, Format Version 12.00
# Visual Studio Version 17
VisualStudioVersion = 17.5.002.0
MinimumVisualStudioVersion = 10.0.40219.1
Project("{9A19103F-16F7-4668-BE54-9A1E7A4F7556}") = "PiticoConsole", "PiticoConsole\PiticoConsole.csproj", "{48724F2D-43E1-473C-9E75-164D118AA29E}"
EndProject
Project("{9A19103F-16F7-4668-BE54-9A1E7A4F7556}") = "PiticoTest.Tests", "PiticoConsole.Tests\PiticoTest.Tests.csproj", "{3BEB159A-07CF-493C-9D9D-EA7934043F10}"
EndProject
Project("{9A19103F-16F7-4668-BE54-9A1E7A4F7556}") = "PiticoOrm", "PiticoOrm\PiticoOrm.csproj", "{00770112-F018-4548-A7B7-D33F168B7057}"
EndProject
Project("{9A19103F-16F7-4668-BE54-9A1E7A4F7556}") = "MvcComHtmx", "MvcComHtmx\MvcComHtmx.csproj", "{040A4573-DE0A-49F9-A402-1D8EEC20BCFE}"
EndProject
Project("{9A19103F-16F7-4668-BE54-9A1E7A4F7556}") = "MvcTradicional", "MvcTradicional\MvcTradicional.csproj", "{428B11B7-7326-4DB0-94BF-C702C852E471}"
EndProject
Global
	GlobalSection(SolutionConfigurationPlatforms) = preSolution
		Debug|Any CPU = Debug|Any CPU
		Release|Any CPU = Release|Any CPU
	EndGlobalSection
	GlobalSection(ProjectConfigurationPlatforms) = postSolution
		{48724F2D-43E1-473C-9E75-164D118AA29E}.Debug|Any CPU.ActiveCfg = Debug|Any CPU
		{48724F2D-43E1-473C-9E75-164D118AA29E}.Debug|Any CPU.Build.0 = Debug|Any CPU
		{48724F2D-43E1-473C-9E75-164D118AA29E}.Release|Any CPU.ActiveCfg = Release|Any CPU
		{48724F2D-43E1-473C-9E75-164D118AA29E}.Release|Any CPU.Build.0 = Release|Any CPU
		{3BEB159A-07CF-493C-9D9D-EA7934043F10}.Debug|Any CPU.ActiveCfg = Debug|Any CPU
		{3BEB159A-07CF-493C-9D9D-EA7934043F10}.Debug|Any CPU.Build.0 = Debug|Any CPU
		{3BEB159A-07CF-493C-9D9D-EA7934043F10}.Release|Any CPU.ActiveCfg = Release|Any CPU
		{3BEB159A-07CF-493C-9D9D-EA7934043F10}.Release|Any CPU.Build.0 = Release|Any CPU
		{00770112-F018-4548-A7B7-D33F168B7057}.Debug|Any CPU.ActiveCfg = Debug|Any CPU
		{00770112-F018-4548-A7B7-D33F168B7057}.Debug|Any CPU.Build.0 = Debug|Any CPU
		{00770112-F018-4548-A7B7-D33F168B7057}.Release|Any CPU.ActiveCfg = Release|Any CPU
		{00770112-F018-4548-A7B7-D33F168B7057}.Release|Any CPU.Build.0 = Release|Any CPU
		{040A4573-DE0A-49F9-A402-1D8EEC20BCFE}.Debug|Any CPU.ActiveCfg = Debug|Any CPU
		{040A4573-DE0A-49F9-A402-1D8EEC20BCFE}.Debug|Any CPU.Build.0 = Debug|Any CPU
		{040A4573-DE0A-49F9-A402-1D8EEC20BCFE}.Release|Any CPU.ActiveCfg = Release|Any CPU
		{040A4573-DE0A-49F9-A402-1D8EEC20BCFE}.Release|Any CPU.Build.0 = Release|Any CPU
		{428B11B7-7326-4DB0-94BF-C702C852E471}.Debug|Any CPU.ActiveCfg = Debug|Any CPU
		{428B11B7-7326-4DB0-94BF-C702C852E471}.Debug|Any CPU.Build.0 = Debug|Any CPU
		{428B11B7-7326-4DB0-94BF-C702C852E471}.Release|Any CPU.ActiveCfg = Release|Any CPU
		{428B11B7-7326-4DB0-94BF-C702C852E471}.Release|Any CPU.Build.0 = Release|Any CPU
	EndGlobalSection
	GlobalSection(SolutionProperties) = preSolution
		HideSolutionNode = FALSE
	EndGlobalSection
	GlobalSection(ExtensibilityGlobals) = postSolution
		SolutionGuid = {EE61DDA7-B932-45F4-8011-90EA32FC5913}
	EndGlobalSection
EndGlobal
